
Microsoft Visual Studio Solution File, Format Version 12.00
# Visual Studio Version 17
VisualStudioVersion = 17.14.36623.8 d17.14
MinimumVisualStudioVersion = 10.0.40219.1
Project("{FAE04EC0-301F-11D3-BF4B-00C04F79EFBC}") = "carro", "carro\carro.csproj", "{71D17CEE-088E-48D4-9E63-E47926D1908A}"
EndProject
Global
	GlobalSection(SolutionConfigurationPlatforms) = preSolution
		Debug|Any CPU = Debug|Any CPU
		Release|Any CPU = Release|Any CPU
	EndGlobalSection
	GlobalSection(ProjectConfigurationPlatforms) = postSolution
		{71D17CEE-088E-48D4-9E63-E47926D1908A}.Debug|Any CPU.ActiveCfg = Debug|Any CPU
		{71D17CEE-088E-48D4-9E63-E47926D1908A}.Debug|Any CPU.Build.0 = Debug|Any CPU
		{71D17CEE-088E-48D4-9E63-E47926D1908A}.Release|Any CPU.ActiveCfg = Release|Any CPU
		{71D17CEE-088E-48D4-9E63-E47926D1908A}.Release|Any CPU.Build.0 = Release|Any CPU
	EndGlobalSection
	GlobalSection(SolutionProperties) = preSolution
		HideSolutionNode = FALSE
	EndGlobalSection
	GlobalSection(ExtensibilityGlobals) = postSolution
		SolutionGuid = {3D15766D-EBF6-41F3-999B-E65986F23BFF}
	EndGlobalSection
EndGlobal
