
Microsoft Visual Studio Solution File, Format Version 12.00
# Visual Studio Version 17
VisualStudioVersion = 17.14.36623.8 d17.14
MinimumVisualStudioVersion = 10.0.40219.1
Project("{FAE04EC0-301F-11D3-BF4B-00C04F79EFBC}") = "ExercicioXML4", "ExercicioXML4\ExercicioXML4.csproj", "{987D9872-4AF1-4DFE-AC15-1723E3626A63}"
EndProject
Global
	GlobalSection(SolutionConfigurationPlatforms) = preSolution
		Debug|Any CPU = Debug|Any CPU
		Release|Any CPU = Release|Any CPU
	EndGlobalSection
	GlobalSection(ProjectConfigurationPlatforms) = postSolution
		{987D9872-4AF1-4DFE-AC15-1723E3626A63}.Debug|Any CPU.ActiveCfg = Debug|Any CPU
		{987D9872-4AF1-4DFE-AC15-1723E3626A63}.Debug|Any CPU.Build.0 = Debug|Any CPU
		{987D9872-4AF1-4DFE-AC15-1723E3626A63}.Release|Any CPU.ActiveCfg = Release|Any CPU
		{987D9872-4AF1-4DFE-AC15-1723E3626A63}.Release|Any CPU.Build.0 = Release|Any CPU
	EndGlobalSection
	GlobalSection(SolutionProperties) = preSolution
		HideSolutionNode = FALSE
	EndGlobalSection
	GlobalSection(ExtensibilityGlobals) = postSolution
		SolutionGuid = {7B52DD18-8197-44CD-BC55-CD3AA76D6E34}
	EndGlobalSection
EndGlobal
