
Microsoft Visual Studio Solution File, Format Version 12.00
# Visual Studio Version 17
VisualStudioVersion = 17.14.36623.8 d17.14
MinimumVisualStudioVersion = 10.0.40219.1
Project("{FAE04EC0-301F-11D3-BF4B-00C04F79EFBC}") = "ExercicioXML2", "ExercicioXML2\ExercicioXML2.csproj", "{4933935F-33E5-431C-88C9-744E97711823}"
EndProject
Global
	GlobalSection(SolutionConfigurationPlatforms) = preSolution
		Debug|Any CPU = Debug|Any CPU
		Release|Any CPU = Release|Any CPU
	EndGlobalSection
	GlobalSection(ProjectConfigurationPlatforms) = postSolution
		{4933935F-33E5-431C-88C9-744E97711823}.Debug|Any CPU.ActiveCfg = Debug|Any CPU
		{4933935F-33E5-431C-88C9-744E97711823}.Debug|Any CPU.Build.0 = Debug|Any CPU
		{4933935F-33E5-431C-88C9-744E97711823}.Release|Any CPU.ActiveCfg = Release|Any CPU
		{4933935F-33E5-431C-88C9-744E97711823}.Release|Any CPU.Build.0 = Release|Any CPU
	EndGlobalSection
	GlobalSection(SolutionProperties) = preSolution
		HideSolutionNode = FALSE
	EndGlobalSection
	GlobalSection(ExtensibilityGlobals) = postSolution
		SolutionGuid = {87B1CDEF-0FB6-445F-ACD1-9ABD05630D5E}
	EndGlobalSection
EndGlobal
