
Microsoft Visual Studio Solution File, Format Version 12.00
# Visual Studio Version 17
VisualStudioVersion = 17.14.36623.8 d17.14
MinimumVisualStudioVersion = 10.0.40219.1
Project("{FAE04EC0-301F-11D3-BF4B-00C04F79EFBC}") = "BibliotecaGeometria", "BibliotecaGeometria\BibliotecaGeometria.csproj", "{7217B33A-25E6-4693-9F0A-6789229FE631}"
EndProject
Project("{FAE04EC0-301F-11D3-BF4B-00C04F79EFBC}") = "AppGeometria", "AppGeometria\AppGeometria.csproj", "{90943DA8-DC84-4948-9D5E-58701FD3948C}"
EndProject
Global
	GlobalSection(SolutionConfigurationPlatforms) = preSolution
		Debug|Any CPU = Debug|Any CPU
		Release|Any CPU = Release|Any CPU
	EndGlobalSection
	GlobalSection(ProjectConfigurationPlatforms) = postSolution
		{7217B33A-25E6-4693-9F0A-6789229FE631}.Debug|Any CPU.ActiveCfg = Debug|Any CPU
		{7217B33A-25E6-4693-9F0A-6789229FE631}.Debug|Any CPU.Build.0 = Debug|Any CPU
		{7217B33A-25E6-4693-9F0A-6789229FE631}.Release|Any CPU.ActiveCfg = Release|Any CPU
		{7217B33A-25E6-4693-9F0A-6789229FE631}.Release|Any CPU.Build.0 = Release|Any CPU
		{90943DA8-DC84-4948-9D5E-58701FD3948C}.Debug|Any CPU.ActiveCfg = Debug|Any CPU
		{90943DA8-DC84-4948-9D5E-58701FD3948C}.Debug|Any CPU.Build.0 = Debug|Any CPU
		{90943DA8-DC84-4948-9D5E-58701FD3948C}.Release|Any CPU.ActiveCfg = Release|Any CPU
		{90943DA8-DC84-4948-9D5E-58701FD3948C}.Release|Any CPU.Build.0 = Release|Any CPU
	EndGlobalSection
	GlobalSection(SolutionProperties) = preSolution
		HideSolutionNode = FALSE
	EndGlobalSection
	GlobalSection(ExtensibilityGlobals) = postSolution
		SolutionGuid = {CFD6C4F1-2E06-4FBD-8452-1E06423A7314}
	EndGlobalSection
EndGlobal
